{
  "pins" : [
    {
      "identity" : "sparkle",
      "kind" : "remoteSourceControl",
      "location" : "https://github.com/sparkle-project/Sparkle",
      "state" : {
        "revision" : "066e75a8b3e99962685d6a90cdd5293ebffd9261",
        "version" : "2.9.1"
      }
    },
    {
      "identity" : "tomlkit",
      "kind" : "remoteSourceControl",
      "location" : "https://github.com/LebJe/TOMLKit.git",
      "state" : {
        "revision" : "ec6198d37d495efc6acd4dffbd262cdca7ff9b3f",
        "version" : "0.6.0"
      }
    }
  ],
  "version" : 2
}
